
Microsoft Visual Studio Solution File, Format Version 12.00
# Visual Studio Version 16
VisualStudioVersion = 16.0.31205.134
MinimumVisualStudioVersion = 10.0.40219.1
Project("{9A19103F-16F7-4668-BE54-9A1E7A4F7556}") = "Sensor.Reporter", "Sensor.Reporter.csproj", "{7AB349B9-ECBF-483E-A89D-5D8FABF04364}"
EndProject
Global
	GlobalSection(SolutionConfigurationPlatforms) = preSolution
		Debug|Any CPU = Debug|Any CPU
		Release|Any CPU = Release|Any CPU
	EndGlobalSection
	GlobalSection(ProjectConfigurationPlatforms) = postSolution
		{7AB349B9-ECBF-483E-A89D-5D8FABF04364}.Debug|Any CPU.ActiveCfg = Debug|Any CPU
		{7AB349B9-ECBF-483E-A89D-5D8FABF04364}.Debug|Any CPU.Build.0 = Debug|Any CPU
		{7AB349B9-ECBF-483E-A89D-5D8FABF04364}.Release|Any CPU.ActiveCfg = Release|Any CPU
		{7AB349B9-ECBF-483E-A89D-5D8FABF04364}.Release|Any CPU.Build.0 = Release|Any CPU
	EndGlobalSection
	GlobalSection(SolutionProperties) = preSolution
		HideSolutionNode = FALSE
	EndGlobalSection
	GlobalSection(ExtensibilityGlobals) = postSolution
		SolutionGuid = {864A26D2-BF3F-4626-80CD-E22256AC56BC}
	EndGlobalSection
EndGlobal
